{
    "_meta": {
        "hash": {
            "sha256": "f6246c34c9e4d8f5ca102e6577cd274e85f67b0113964b6e4a1b287393e13496"
        },
        "pipfile-spec": 6,
        "requires": {
            "python_version": "3.10"
        },
        "sources": [
            {
                "name": "pypi",
                "url": "https://pypi.org/simple",
                "verify_ssl": true
            }
        ]
    },
    "default": {
        "annotated-types": {
            "hashes": [
                "sha256:1f02e8b43a8fbbc3f3e0d4f0f4bfc8131bcb4eebe8849b8e5c773f3a1c582a53",
                "sha256:aff07c09a53a08bc8cfccb9c85b05f1aa9a2a6f23728d790723543408344ce89"
            ],
            "markers": "python_version >= '3.8'",
            "version": "==0.7.0"
        },
        "asgiref": {
            "hashes": [
                "sha256:3e1e3ecc849832fe52ccf2cb6686b7a55f82bb1d6aee72a58826471390335e47",
                "sha256:c343bd80a0bec947a9860adb4c432ffa7db769836c64238fc34bdc3fec84d590"
            ],
            "markers": "python_version >= '3.8'",
            "version": "==3.8.1"
        },
        "django": {
            "hashes": [
                "sha256:8363ac062bb4ef7c3f12d078f6fa5d154031d129a15170a1066412af49d30905",
                "sha256:ff1b61005004e476e0aeea47c7f79b85864c70124030e95146315396f1e7951f"
            ],
            "index": "pypi",
            "markers": "python_version >= '3.10'",
            "version": "==5.0.6"
        },
        "django-ninja": {
            "hashes": [
                "sha256:6330c3497061d9fd1f43c1200f85c13aab7687110e2899f8304e5aa476c10b44",
                "sha256:87bff046416a2653ed2fbef1408e101292bf8170684821bac82accfd73bef059"
            ],
            "index": "pypi",
            "markers": "python_version >= '3.7'",
            "version": "==1.1.0"
        },
        "pydantic": {
            "hashes": [
                "sha256:71b2945998f9c9b7919a45bde9a50397b289937d215ae141c1d0903ba7149fd7",
                "sha256:834ab954175f94e6e68258537dc49402c4a5e9d0409b9f1b86b7e934a8372de7"
            ],
            "markers": "python_version >= '3.8'",
            "version": "==2.7.2"
        },
        "pydantic-core": {
            "hashes": [
                "sha256:0bee9bb305a562f8b9271855afb6ce00223f545de3d68560b3c1649c7c5295e9",
                "sha256:0ecce4b2360aa3f008da3327d652e74a0e743908eac306198b47e1c58b03dd2b",
                "sha256:17954d784bf8abfc0ec2a633108207ebc4fa2df1a0e4c0c3ccbaa9bb01d2c426",
                "sha256:19d2e725de0f90d8671f89e420d36c3dd97639b98145e42fcc0e1f6d492a46dc",
                "sha256:1f9cd7f5635b719939019be9bda47ecb56e165e51dd26c9a217a433e3d0d59a9",
                "sha256:200ad4e3133cb99ed82342a101a5abf3d924722e71cd581cc113fe828f727fbc",
                "sha256:24b214b7ee3bd3b865e963dbed0f8bc5375f49449d70e8d407b567af3222aae4",
                "sha256:2c44efdd3b6125419c28821590d7ec891c9cb0dff33a7a78d9d5c8b6f66b9702",
                "sha256:2c8333f6e934733483c7eddffdb094c143b9463d2af7e6bd85ebcb2d4a1b82c6",
                "sha256:2f7ef5f0ebb77ba24c9970da18b771711edc5feaf00c10b18461e0f5f5949231",
                "sha256:304378b7bf92206036c8ddd83a2ba7b7d1a5b425acafff637172a3aa72ad7083",
                "sha256:370059b7883485c9edb9655355ff46d912f4b03b009d929220d9294c7fd9fd60",
                "sha256:37b40c05ced1ba4218b14986fe6f283d22e1ae2ff4c8e28881a70fb81fbfcda7",
                "sha256:3d3e42bb54e7e9d72c13ce112e02eb1b3b55681ee948d748842171201a03a98a",
                "sha256:3fc1c7f67f34c6c2ef9c213e0f2a351797cda98249d9ca56a70ce4ebcaba45f4",
                "sha256:41dbdcb0c7252b58fa931fec47937edb422c9cb22528f41cb8963665c372caf6",
                "sha256:432e999088d85c8f36b9a3f769a8e2b57aabd817bbb729a90d1fe7f18f6f1f39",
                "sha256:45e4ffbae34f7ae30d0047697e724e534a7ec0a82ef9994b7913a412c21462a0",
                "sha256:4afa5f5973e8572b5c0dcb4e2d4fda7890e7cd63329bd5cc3263a25c92ef0026",
                "sha256:544a9a75622357076efb6b311983ff190fbfb3c12fc3a853122b34d3d358126c",
                "sha256:5560dda746c44b48bf82b3d191d74fe8efc5686a9ef18e69bdabccbbb9ad9442",
                "sha256:58ff8631dbab6c7c982e6425da8347108449321f61fe427c52ddfadd66642af7",
                "sha256:5a64faeedfd8254f05f5cf6fc755023a7e1606af3959cfc1a9285744cc711044",
                "sha256:60e4c625e6f7155d7d0dcac151edf5858102bc61bf959d04469ca6ee4e8381bd",
                "sha256:616221a6d473c5b9aa83fa8982745441f6a4a62a66436be9445c65f241b86c94",
                "sha256:63081a49dddc6124754b32a3774331467bfc3d2bd5ff8f10df36a95602560361",
                "sha256:666e45cf071669fde468886654742fa10b0e74cd0fa0430a46ba6056b24fb0af",
                "sha256:67bc078025d70ec5aefe6200ef094576c9d86bd36982df1301c758a9fff7d7f4",
                "sha256:691018785779766127f531674fa82bb368df5b36b461622b12e176c18e119022",
                "sha256:6a36f78674cbddc165abab0df961b5f96b14461d05feec5e1f78da58808b97e7",
                "sha256:6afd5c867a74c4d314c557b5ea9520183fadfbd1df4c2d6e09fd0d990ce412cd",
                "sha256:6b32c2a1f8032570842257e4c19288eba9a2bba4712af542327de9a1204faff8",
                "sha256:6e59fca51ffbdd1638b3856779342ed69bcecb8484c1d4b8bdb237d0eb5a45e2",
                "sha256:70cf099197d6b98953468461d753563b28e73cf1eade2ffe069675d2657ed1d5",
                "sha256:73038d66614d2e5cde30435b5afdced2b473b4c77d4ca3a8624dd3e41a9c19be",
                "sha256:744697428fcdec6be5670460b578161d1ffe34743a5c15656be7ea82b008197c",
                "sha256:77319771a026f7c7d29c6ebc623de889e9563b7087911b46fd06c044a12aa5e9",
                "sha256:7a20dded653e516a4655f4c98e97ccafb13753987434fe7cf044aa25f5b7d417",
                "sha256:7e6382ce89a92bc1d0c0c5edd51e931432202b9080dc921d8d003e616402efd1",
                "sha256:7fdd362f6a586e681ff86550b2379e532fee63c52def1c666887956748eaa326",
                "sha256:80aea0ffeb1049336043d07799eace1c9602519fb3192916ff525b0287b2b1e4",
                "sha256:82f2718430098bcdf60402136c845e4126a189959d103900ebabb6774a5d9fdb",
                "sha256:855ec66589c68aa367d989da5c4755bb74ee92ccad4fdb6af942c3612c067e34",
                "sha256:9128089da8f4fe73f7a91973895ebf2502539d627891a14034e45fb9e707e26d",
                "sha256:929c24e9dea3990bc8bcd27c5f2d3916c0c86f5511d2caa69e0d5290115344a9",
                "sha256:98ed737567d8f2ecd54f7c8d4f8572ca7c7921ede93a2e52939416170d357812",
                "sha256:9a46795b1f3beb167eaee91736d5d17ac3a994bf2215a996aed825a45f897558",
                "sha256:9f9e04afebd3ed8c15d67a564ed0a34b54e52136c6d40d14c5547b238390e779",
                "sha256:a4e651e47d981c1b701dcc74ab8fec5a60a5b004650416b4abbef13db23bc7be",
                "sha256:a62e437d687cc148381bdd5f51e3e81f5b20a735c55f690c5be94e05da2b0d5c",
                "sha256:aaee40f25bba38132e655ffa3d1998a6d576ba7cf81deff8bfa189fb43fd2bbe",
                "sha256:adf952c3f4100e203cbaf8e0c907c835d3e28f9041474e52b651761dc248a3c0",
                "sha256:b367a73a414bbb08507da102dc2cde0fa7afe57d09b3240ce82a16d608a7679c",
                "sha256:b8e20e15d18bf7dbb453be78a2d858f946f5cdf06c5072453dace00ab652e2b2",
                "sha256:b95a0972fac2b1ff3c94629fc9081b16371dad870959f1408cc33b2f78ad347a",
                "sha256:b9ebe8231726c49518b16b237b9fe0d7d361dd221302af511a83d4ada01183ab",
                "sha256:ba905d184f62e7ddbb7a5a751d8a5c805463511c7b08d1aca4a3e8c11f2e5048",
                "sha256:bd4435b8d83f0c9561a2a9585b1de78f1abb17cb0cef5f39bf6a4b47d19bafe3",
                "sha256:bd7df92f28d351bb9f12470f4c533cf03d1b52ec5a6e5c58c65b183055a60106",
                "sha256:c0037a92cf0c580ed14e10953cdd26528e8796307bb8bb312dc65f71547df04d",
                "sha256:c0d9ff283cd3459fa0bf9b0256a2b6f01ac1ff9ffb034e24457b9035f75587cb",
                "sha256:c56eca1686539fa0c9bda992e7bd6a37583f20083c37590413381acfc5f192d6",
                "sha256:c6ac9ffccc9d2e69d9fba841441d4259cb668ac180e51b30d3632cd7abca2b9b",
                "sha256:c826870b277143e701c9ccf34ebc33ddb4d072612683a044e7cce2d52f6c3fef",
                "sha256:cd4a032bb65cc132cae1fe3e52877daecc2097965cd3914e44fbd12b00dae7c5",
                "sha256:d33ce258e4e6e6038f2b9e8b8a631d17d017567db43483314993b3ca345dcbbb",
                "sha256:d531076bdfb65af593326ffd567e6ab3da145020dafb9187a1d131064a55f97c",
                "sha256:dccf3ef1400390ddd1fb55bf0632209d39140552d068ee5ac45553b556780e06",
                "sha256:df11fa992e9f576473038510d66dd305bcd51d7dd508c163a8c8fe148454e059",
                "sha256:e1a8376fef60790152564b0eab376b3e23dd6e54f29d84aad46f7b264ecca943",
                "sha256:e201935d282707394f3668380e41ccf25b5794d1b131cdd96b07f615a33ca4b1",
                "sha256:e2e253af04ceaebde8eb201eb3f3e3e7e390f2d275a88300d6a1959d710539e2",
                "sha256:e862823be114387257dacbfa7d78547165a85d7add33b446ca4f4fae92c7ff5c",
                "sha256:eecf63195be644b0396f972c82598cd15693550f0ff236dcf7ab92e2eb6d3522",
                "sha256:f0928cde2ae416a2d1ebe6dee324709c6f73e93494d8c7aea92df99aab1fc40f",
                "sha256:f9c08cabff68704a1b4667d33f534d544b8a07b8e5d039c37067fceb18789e78",
                "sha256:fec02527e1e03257aa25b1a4dcbe697b40a22f1229f5d026503e8b7ff6d2eda7",
                "sha256:ff58f379345603d940e461eae474b6bbb6dab66ed9a851ecd3cb3709bf4dcf6a",
                "sha256:ffecbb5edb7f5ffae13599aec33b735e9e4c7676ca1633c60f2c606beb17efc5"
            ],
            "markers": "python_version >= '3.8'",
            "version": "==2.18.3"
        },
        "sqlparse": {
            "hashes": [
                "sha256:714d0a4932c059d16189f58ef5411ec2287a4360f17cdd0edd2d09d4c5087c93",
                "sha256:c204494cd97479d0e39f28c93d46c0b2d5959c7b9ab904762ea6c7af211c8663"
            ],
            "markers": "python_version >= '3.8'",
            "version": "==0.5.0"
        },
        "typing-extensions": {
            "hashes": [
                "sha256:8cbcdc8606ebcb0d95453ad7dc5065e6237b6aa230a31e81d0f440c30fed5fd8",
                "sha256:b349c66bea9016ac22978d800cfff206d5f9816951f12a7d0ec5578b0a819594"
            ],
            "markers": "python_version < '3.11'",
            "version": "==4.12.0"
        }
    },
    "develop": {
        "astroid": {
            "hashes": [
                "sha256:8ead48e31b92b2e217b6c9733a21afafe479d52d6e164dd25fb1a770c7c3cf94",
                "sha256:e8a0083b4bb28fcffb6207a3bfc9e5d0a68be951dd7e336d5dcf639c682388c0"
            ],
            "markers": "python_full_version >= '3.8.0'",
            "version": "==3.2.2"
        },
        "asttokens": {
            "hashes": [
                "sha256:051ed49c3dcae8913ea7cd08e46a606dba30b79993209636c4875bc1d637bc24",
                "sha256:b03869718ba9a6eb027e134bfdf69f38a236d681c83c160d510768af11254ba0"
            ],
            "version": "==2.4.1"
        },
        "decorator": {
            "hashes": [
                "sha256:637996211036b6385ef91435e4fae22989472f9d571faba8927ba8253acbc330",
                "sha256:b8c3f85900b9dc423225913c5aace94729fe1fa9763b38939a95226f02d37186"
            ],
            "markers": "python_version < '3.11' and python_version >= '3.7'",
            "version": "==5.1.1"
        },
        "dill": {
            "hashes": [
                "sha256:3ebe3c479ad625c4553aca177444d89b486b1d84982eeacded644afc0cf797ca",
                "sha256:c36ca9ffb54365bdd2f8eb3eff7d2a21237f8452b57ace88b1ac615b7e815bd7"
            ],
            "markers": "python_version < '3.11'",
            "version": "==0.3.8"
        },
        "exceptiongroup": {
            "hashes": [
                "sha256:5258b9ed329c5bbdd31a309f53cbfb0b155341807f6ff7606a1e801a891b29ad",
                "sha256:a4785e48b045528f5bfe627b6ad554ff32def154f42372786903b7abcfe1aa16"
            ],
            "markers": "python_version < '3.11'",
            "version": "==1.2.1"
        },
        "executing": {
            "hashes": [
                "sha256:35afe2ce3affba8ee97f2d69927fa823b08b472b7b994e36a52a964b93d16147",
                "sha256:eac49ca94516ccc753f9fb5ce82603156e590b27525a8bc32cce8ae302eb61bc"
            ],
            "markers": "python_version >= '3.5'",
            "version": "==2.0.1"
        },
        "importlib-metadata": {
            "hashes": [
                "sha256:30962b96c0c223483ed6cc7280e7f0199feb01a0e40cfae4d4450fc6fab1f570",
                "sha256:b78938b926ee8d5f020fc4772d487045805a55ddbad2ecf21c6d60938dc7fcd2"
            ],
            "markers": "python_version >= '3.8'",
            "version": "==7.1.0"
        },
        "ipdb": {
            "hashes": [
                "sha256:45529994741c4ab6d2388bfa5d7b725c2cf7fe9deffabdb8a6113aa5ed449ed4",
                "sha256:e3ac6018ef05126d442af680aad863006ec19d02290561ac88b8b1c0b0cfc726"
            ],
            "index": "pypi",
            "markers": "python_version >= '2.7' and python_version not in '3.0, 3.1, 3.2, 3.3'",
            "version": "==0.13.13"
        },
        "ipython": {
            "hashes": [
                "sha256:010db3f8a728a578bb641fdd06c063b9fb8e96a9464c63aec6310fbcb5e80501",
                "sha256:d7bf2f6c4314984e3e02393213bab8703cf163ede39672ce5918c51fe253a2a3"
            ],
            "markers": "python_version < '3.11' and python_version >= '3.7'",
            "version": "==8.24.0"
        },
        "isort": {
            "hashes": [
                "sha256:48fdfcb9face5d58a4f6dde2e72a1fb8dcaf8ab26f95ab49fab84c2ddefb0109",
                "sha256:8ca5e72a8d85860d5a3fa69b8745237f2939afe12dbf656afbcb47fe72d947a6"
            ],
            "markers": "python_full_version >= '3.8.0'",
            "version": "==5.13.2"
        },
        "jedi": {
            "hashes": [
                "sha256:cf0496f3651bc65d7174ac1b7d043eff454892c708a87d1b683e57b569927ffd",
                "sha256:e983c654fe5c02867aef4cdfce5a2fbb4a50adc0af145f70504238f18ef5e7e0"
            ],
            "markers": "python_version >= '3.6'",
            "version": "==0.19.1"
        },
        "matplotlib-inline": {
            "hashes": [
                "sha256:8423b23ec666be3d16e16b60bdd8ac4e86e840ebd1dd11a30b9f117f2fa0ab90",
                "sha256:df192d39a4ff8f21b1895d72e6a13f5fcc5099f00fa84384e0ea28c2cc0653ca"
            ],
            "markers": "python_version >= '3.8'",
            "version": "==0.1.7"
        },
        "mccabe": {
            "hashes": [
                "sha256:348e0240c33b60bbdf4e523192ef919f28cb2c3d7d5c7794f74009290f236325",
                "sha256:6c2d30ab6be0e4a46919781807b4f0d834ebdd6c6e3dca0bda5a15f863427b6e"
            ],
            "markers": "python_version >= '3.6'",
            "version": "==0.7.0"
        },
        "parso": {
            "hashes": [
                "sha256:a418670a20291dacd2dddc80c377c5c3791378ee1e8d12bffc35420643d43f18",
                "sha256:eb3a7b58240fb99099a345571deecc0f9540ea5f4dd2fe14c2a99d6b281ab92d"
            ],
            "markers": "python_version >= '3.6'",
            "version": "==0.8.4"
        },
        "pexpect": {
            "hashes": [
                "sha256:7236d1e080e4936be2dc3e326cec0af72acf9212a7e1d060210e70a47e253523",
                "sha256:ee7d41123f3c9911050ea2c2dac107568dc43b2d3b0c7557a33212c398ead30f"
            ],
            "markers": "sys_platform != 'win32' and sys_platform != 'emscripten'",
            "version": "==4.9.0"
        },
        "platformdirs": {
            "hashes": [
                "sha256:2d7a1657e36a80ea911db832a8a6ece5ee53d8de21edd5cc5879af6530b1bfee",
                "sha256:38b7b51f512eed9e84a22788b4bce1de17c0adb134d6becb09836e37d8654cd3"
            ],
            "markers": "python_version >= '3.8'",
            "version": "==4.2.2"
        },
        "prompt-toolkit": {
            "hashes": [
                "sha256:07c60ee4ab7b7e90824b61afa840c8f5aad2d46b3e2e10acc33d8ecc94a49089",
                "sha256:a29b89160e494e3ea8622b09fa5897610b437884dcdcd054fdc1308883326c2a"
            ],
            "markers": "python_full_version >= '3.7.0'",
            "version": "==3.0.45"
        },
        "ptyprocess": {
            "hashes": [
                "sha256:4b41f3967fce3af57cc7e94b888626c18bf37a083e3651ca8feeb66d492fef35",
                "sha256:5c5d0a3b48ceee0b48485e0c26037c0acd7d29765ca3fbb5cb3831d347423220"
            ],
            "version": "==0.7.0"
        },
        "pure-eval": {
            "hashes": [
                "sha256:01eaab343580944bc56080ebe0a674b39ec44a945e6d09ba7db3cb8cec289350",
                "sha256:2b45320af6dfaa1750f543d714b6d1c520a1688dec6fd24d339063ce0aaa9ac3"
            ],
            "version": "==0.2.2"
        },
        "pygments": {
            "hashes": [
                "sha256:786ff802f32e91311bff3889f6e9a86e81505fe99f2735bb6d60ae0c5004f199",
                "sha256:b8e6aca0523f3ab76fee51799c488e38782ac06eafcf95e7ba832985c8e7b13a"
            ],
            "markers": "python_version >= '3.8'",
            "version": "==2.18.0"
        },
        "pylint": {
            "hashes": [
                "sha256:3f8788ab20bb8383e06dd2233e50f8e08949cfd9574804564803441a4946eab4",
                "sha256:d068ca1dfd735fb92a07d33cb8f288adc0f6bc1287a139ca2425366f7cbe38f8"
            ],
            "index": "pypi",
            "markers": "python_full_version >= '3.8.0'",
            "version": "==3.2.2"
        },
        "pylint-django": {
            "hashes": [
                "sha256:2f339e4bf55776958283395c5139c37700c91bd5ef1d8251ef6ac88b5abbba9b",
                "sha256:5abd5c2228e0e5e2a4cb6d0b4fc1d1cef1e773d0be911412f4dd4fc1a1a440b7"
            ],
            "index": "pypi",
            "markers": "python_version >= '3.7' and python_version < '4.0'",
            "version": "==2.5.5"
        },
        "pylint-plugin-utils": {
            "hashes": [
                "sha256:ae11664737aa2effbf26f973a9e0b6779ab7106ec0adc5fe104b0907ca04e507",
                "sha256:d3cebf68a38ba3fba23a873809155562571386d4c1b03e5b4c4cc26c3eee93e4"
            ],
            "markers": "python_version >= '3.7' and python_version < '4.0'",
            "version": "==0.8.2"
        },
        "six": {
            "hashes": [
                "sha256:1e61c37477a1626458e36f7b1d82aa5c9b094fa4802892072e49de9c60c4c926",
                "sha256:8abb2f1d86890a2dfb989f9a77cfcfd3e47c2a354b01111771326f8aa26e0254"
            ],
            "markers": "python_version >= '2.7' and python_version not in '3.0, 3.1, 3.2, 3.3'",
            "version": "==1.16.0"
        },
        "stack-data": {
            "hashes": [
                "sha256:836a778de4fec4dcd1dcd89ed8abff8a221f58308462e1c4aa2a3cf30148f0b9",
                "sha256:d5558e0c25a4cb0853cddad3d77da9891a08cb85dd9f9f91b9f8cd66e511e695"
            ],
            "version": "==0.6.3"
        },
        "tomli": {
            "hashes": [
                "sha256:939de3e7a6161af0c887ef91b7d41a53e7c5a1ca976325f429cb46ea9bc30ecc",
                "sha256:de526c12914f0c550d15924c62d72abc48d6fe7364aa87328337a31007fe8a4f"
            ],
            "markers": "python_version < '3.11' and python_version >= '3.7'",
            "version": "==2.0.1"
        },
        "tomlkit": {
            "hashes": [
                "sha256:af914f5a9c59ed9d0762c7b64d3b5d5df007448eb9cd2edc8a46b1eafead172f",
                "sha256:eef34fba39834d4d6b73c9ba7f3e4d1c417a4e56f89a7e96e090dd0d24b8fb3c"
            ],
            "markers": "python_version >= '3.7'",
            "version": "==0.12.5"
        },
        "traitlets": {
            "hashes": [
                "sha256:9ed0579d3502c94b4b3732ac120375cda96f923114522847de4b3bb98b96b6b7",
                "sha256:b74e89e397b1ed28cc831db7aea759ba6640cb3de13090ca145426688ff1ac4f"
            ],
            "markers": "python_version >= '3.8'",
            "version": "==5.14.3"
        },
        "typing-extensions": {
            "hashes": [
                "sha256:8cbcdc8606ebcb0d95453ad7dc5065e6237b6aa230a31e81d0f440c30fed5fd8",
                "sha256:b349c66bea9016ac22978d800cfff206d5f9816951f12a7d0ec5578b0a819594"
            ],
            "markers": "python_version < '3.11'",
            "version": "==4.12.0"
        },
        "wcwidth": {
            "hashes": [
                "sha256:3da69048e4540d84af32131829ff948f1e022c1c6bdb8d6102117aac784f6859",
                "sha256:72ea0c06399eb286d978fdedb6923a9eb47e1c486ce63e9b4e64fc18303972b5"
            ],
            "version": "==0.2.13"
        },
        "yapf": {
            "hashes": [
                "sha256:4dab8a5ed7134e26d57c1647c7483afb3f136878b579062b786c9ba16b94637b",
                "sha256:adc8b5dd02c0143108878c499284205adb258aad6db6634e5b869e7ee2bd548b"
            ],
            "index": "pypi",
            "markers": "python_version >= '3.7'",
            "version": "==0.40.2"
        },
        "zipp": {
            "hashes": [
                "sha256:952df858fb3164426c976d9338d3961e8e8b3758e2e059e0f754b8c4262625ee",
                "sha256:96dc6ad62f1441bcaccef23b274ec471518daf4fbbc580341204936a5a3dddec"
            ],
            "markers": "python_version >= '3.8'",
            "version": "==3.19.0"
        }
    }
}
